
Microsoft Visual Studio Solution File, Format Version 12.00
# Visual Studio 15
VisualStudioVersion = 15.0.28307.106
MinimumVisualStudioVersion = 10.0.40219.1
Project("{FAE04EC0-301F-11D3-BF4B-00C04F79EFBC}") = "GenesisChallenge", "GenesisChallenge\GenesisChallenge.csproj", "{65678107-82AD-4DF5-B2B5-5A1F37255AD0}"
EndProject
Project("{FAE04EC0-301F-11D3-BF4B-00C04F79EFBC}") = "GenesisChallenge.Tests", "GenesisChallenge.Tests\GenesisChallenge.Tests.csproj", "{247FF5DF-423A-4B48-8FD9-7F1ACE9B4C10}"
EndProject
Global
	GlobalSection(SolutionConfigurationPlatforms) = preSolution
		Debug|Any CPU = Debug|Any CPU
		Release|Any CPU = Release|Any CPU
	EndGlobalSection
	GlobalSection(ProjectConfigurationPlatforms) = postSolution
		{65678107-82AD-4DF5-B2B5-5A1F37255AD0}.Debug|Any CPU.ActiveCfg = Debug|Any CPU
		{65678107-82AD-4DF5-B2B5-5A1F37255AD0}.Debug|Any CPU.Build.0 = Debug|Any CPU
		{65678107-82AD-4DF5-B2B5-5A1F37255AD0}.Release|Any CPU.ActiveCfg = Release|Any CPU
		{65678107-82AD-4DF5-B2B5-5A1F37255AD0}.Release|Any CPU.Build.0 = Release|Any CPU
		{247FF5DF-423A-4B48-8FD9-7F1ACE9B4C10}.Debug|Any CPU.ActiveCfg = Debug|Any CPU
		{247FF5DF-423A-4B48-8FD9-7F1ACE9B4C10}.Debug|Any CPU.Build.0 = Debug|Any CPU
		{247FF5DF-423A-4B48-8FD9-7F1ACE9B4C10}.Release|Any CPU.ActiveCfg = Release|Any CPU
		{247FF5DF-423A-4B48-8FD9-7F1ACE9B4C10}.Release|Any CPU.Build.0 = Release|Any CPU
	EndGlobalSection
	GlobalSection(SolutionProperties) = preSolution
		HideSolutionNode = FALSE
	EndGlobalSection
	GlobalSection(ExtensibilityGlobals) = postSolution
		SolutionGuid = {12AEE4DF-0FA4-49BE-BAE5-05F176CFC4A1}
	EndGlobalSection
EndGlobal
